
Microsoft Visual Studio Solution File, Format Version 12.00
# Visual Studio Version 17
VisualStudioVersion = 17.8.34322.80
MinimumVisualStudioVersion = 10.0.40219.1
Project("{FAE04EC0-301F-11D3-BF4B-00C04F79EFBC}") = "WinAppSCD", "WinAppSCD\WinAppSCD.csproj", "{09018487-2A6D-4E16-859A-E04706407A2B}"
EndProject
Global
	GlobalSection(SolutionConfigurationPlatforms) = preSolution
		Debug|Any CPU = Debug|Any CPU
		Release|Any CPU = Release|Any CPU
	EndGlobalSection
	GlobalSection(ProjectConfigurationPlatforms) = postSolution
		{09018487-2A6D-4E16-859A-E04706407A2B}.Debug|Any CPU.ActiveCfg = Debug|Any CPU
		{09018487-2A6D-4E16-859A-E04706407A2B}.Debug|Any CPU.Build.0 = Debug|Any CPU
		{09018487-2A6D-4E16-859A-E04706407A2B}.Release|Any CPU.ActiveCfg = Release|Any CPU
		{09018487-2A6D-4E16-859A-E04706407A2B}.Release|Any CPU.Build.0 = Release|Any CPU
	EndGlobalSection
	GlobalSection(SolutionProperties) = preSolution
		HideSolutionNode = FALSE
	EndGlobalSection
	GlobalSection(ExtensibilityGlobals) = postSolution
		SolutionGuid = {6A31B2AD-CB71-4C53-8F01-C3D32C0626D1}
	EndGlobalSection
EndGlobal
